
Microsoft Visual Studio Solution File, Format Version 11.00
# Visual Studio 2010
Project("{FAE04EC0-301F-11D3-BF4B-00C04F79EFBC}") = "Solver", "Solver\Solver.csproj", "{0E7FFAF8-2B40-42E3-8AE9-5D2B3737BD08}"
EndProject
Project("{FAE04EC0-301F-11D3-BF4B-00C04F79EFBC}") = "Gridlock", "Games\Gridlock\Gridlock.csproj", "{4983D8DE-0560-43C0-93F0-7CF5F103CD48}"
	ProjectSection(ProjectDependencies) = postProject
		{0E7FFAF8-2B40-42E3-8AE9-5D2B3737BD08} = {0E7FFAF8-2B40-42E3-8AE9-5D2B3737BD08}
	EndProjectSection
EndProject
Project("{FAE04EC0-301F-11D3-BF4B-00C04F79EFBC}") = "GridlockWpf", "Games\GridlockWpf\GridlockWpf.csproj", "{7FAE1D28-95B2-4442-A102-E14614C82D0F}"
EndProject
Project("{FAE04EC0-301F-11D3-BF4B-00C04F79EFBC}") = "Othello", "Games\Othello\Othello.csproj", "{74362D0F-FB87-4CF0-B10F-83180B68A561}"
EndProject
Project("{FAE04EC0-301F-11D3-BF4B-00C04F79EFBC}") = "SlidingPuzzle", "Games\SlidingPuzzle\SlidingPuzzle.csproj", "{1B3F5D42-1B3C-4151-9CEB-3F6674166C9F}"
EndProject
Project("{FAE04EC0-301F-11D3-BF4B-00C04F79EFBC}") = "Freecell", "Games\Freecell\Freecell.csproj", "{DA8592D7-C60B-4817-B8E5-1A60D303E5E0}"
EndProject
Project("{FAE04EC0-301F-11D3-BF4B-00C04F79EFBC}") = "Moripon", "Games\Moripon\Moripon.csproj", "{F373857B-75AA-40B5-A49B-922B20C615A5}"
EndProject
Project("{2150E333-8FDC-42A3-9474-1A3956D46DE8}") = "Games", "Games", "{6891B35C-3446-49E1-BF54-2A48A4A94B03}"
EndProject
Project("{FAE04EC0-301F-11D3-BF4B-00C04F79EFBC}") = "GraphLib", "GraphLib\GraphLib.csproj", "{2210FE88-770C-4E71-BF33-5A4D4FC42CBD}"
EndProject
Project("{2150E333-8FDC-42A3-9474-1A3956D46DE8}") = "Solution Items", "Solution Items", "{4CFC33DB-6EB7-42BE-B3EC-97E4056A5919}"
EndProject
Project("{FAE04EC0-301F-11D3-BF4B-00C04F79EFBC}") = "OthelloWpf", "Games\OthelloWpf\OthelloWpf.csproj", "{F07ED090-6B1A-4343-BC54-E41D3F9139C4}"
EndProject
Global
	GlobalSection(SolutionConfigurationPlatforms) = preSolution
		Debug|Any CPU = Debug|Any CPU
		Debug|Mixed Platforms = Debug|Mixed Platforms
		Debug|x86 = Debug|x86
		Release|Any CPU = Release|Any CPU
		Release|Mixed Platforms = Release|Mixed Platforms
		Release|x86 = Release|x86
	EndGlobalSection
	GlobalSection(ProjectConfigurationPlatforms) = postSolution
		{0E7FFAF8-2B40-42E3-8AE9-5D2B3737BD08}.Debug|Any CPU.ActiveCfg = Debug|Any CPU
		{0E7FFAF8-2B40-42E3-8AE9-5D2B3737BD08}.Debug|Any CPU.Build.0 = Debug|Any CPU
		{0E7FFAF8-2B40-42E3-8AE9-5D2B3737BD08}.Debug|Mixed Platforms.ActiveCfg = Debug|Any CPU
		{0E7FFAF8-2B40-42E3-8AE9-5D2B3737BD08}.Debug|Mixed Platforms.Build.0 = Debug|Any CPU
		{0E7FFAF8-2B40-42E3-8AE9-5D2B3737BD08}.Debug|x86.ActiveCfg = Debug|Any CPU
		{0E7FFAF8-2B40-42E3-8AE9-5D2B3737BD08}.Release|Any CPU.ActiveCfg = Release|Any CPU
		{0E7FFAF8-2B40-42E3-8AE9-5D2B3737BD08}.Release|Any CPU.Build.0 = Release|Any CPU
		{0E7FFAF8-2B40-42E3-8AE9-5D2B3737BD08}.Release|Mixed Platforms.ActiveCfg = Release|Any CPU
		{0E7FFAF8-2B40-42E3-8AE9-5D2B3737BD08}.Release|Mixed Platforms.Build.0 = Release|Any CPU
		{0E7FFAF8-2B40-42E3-8AE9-5D2B3737BD08}.Release|x86.ActiveCfg = Release|Any CPU
		{4983D8DE-0560-43C0-93F0-7CF5F103CD48}.Debug|Any CPU.ActiveCfg = Debug|Any CPU
		{4983D8DE-0560-43C0-93F0-7CF5F103CD48}.Debug|Any CPU.Build.0 = Debug|Any CPU
		{4983D8DE-0560-43C0-93F0-7CF5F103CD48}.Debug|Mixed Platforms.ActiveCfg = Debug|Any CPU
		{4983D8DE-0560-43C0-93F0-7CF5F103CD48}.Debug|Mixed Platforms.Build.0 = Debug|Any CPU
		{4983D8DE-0560-43C0-93F0-7CF5F103CD48}.Debug|x86.ActiveCfg = Debug|Any CPU
		{4983D8DE-0560-43C0-93F0-7CF5F103CD48}.Release|Any CPU.ActiveCfg = Release|Any CPU
		{4983D8DE-0560-43C0-93F0-7CF5F103CD48}.Release|Any CPU.Build.0 = Release|Any CPU
		{4983D8DE-0560-43C0-93F0-7CF5F103CD48}.Release|Mixed Platforms.ActiveCfg = Release|Any CPU
		{4983D8DE-0560-43C0-93F0-7CF5F103CD48}.Release|Mixed Platforms.Build.0 = Release|Any CPU
		{4983D8DE-0560-43C0-93F0-7CF5F103CD48}.Release|x86.ActiveCfg = Release|Any CPU
		{7FAE1D28-95B2-4442-A102-E14614C82D0F}.Debug|Any CPU.ActiveCfg = Debug|Any CPU
		{7FAE1D28-95B2-4442-A102-E14614C82D0F}.Debug|Any CPU.Build.0 = Debug|Any CPU
		{7FAE1D28-95B2-4442-A102-E14614C82D0F}.Debug|Mixed Platforms.ActiveCfg = Debug|Any CPU
		{7FAE1D28-95B2-4442-A102-E14614C82D0F}.Debug|Mixed Platforms.Build.0 = Debug|Any CPU
		{7FAE1D28-95B2-4442-A102-E14614C82D0F}.Debug|x86.ActiveCfg = Debug|Any CPU
		{7FAE1D28-95B2-4442-A102-E14614C82D0F}.Release|Any CPU.ActiveCfg = Release|Any CPU
		{7FAE1D28-95B2-4442-A102-E14614C82D0F}.Release|Any CPU.Build.0 = Release|Any CPU
		{7FAE1D28-95B2-4442-A102-E14614C82D0F}.Release|Mixed Platforms.ActiveCfg = Release|Any CPU
		{7FAE1D28-95B2-4442-A102-E14614C82D0F}.Release|Mixed Platforms.Build.0 = Release|Any CPU
		{7FAE1D28-95B2-4442-A102-E14614C82D0F}.Release|x86.ActiveCfg = Release|Any CPU
		{74362D0F-FB87-4CF0-B10F-83180B68A561}.Debug|Any CPU.ActiveCfg = Debug|x86
		{74362D0F-FB87-4CF0-B10F-83180B68A561}.Debug|Mixed Platforms.ActiveCfg = Debug|x86
		{74362D0F-FB87-4CF0-B10F-83180B68A561}.Debug|Mixed Platforms.Build.0 = Debug|x86
		{74362D0F-FB87-4CF0-B10F-83180B68A561}.Debug|x86.ActiveCfg = Debug|x86
		{74362D0F-FB87-4CF0-B10F-83180B68A561}.Debug|x86.Build.0 = Debug|x86
		{74362D0F-FB87-4CF0-B10F-83180B68A561}.Release|Any CPU.ActiveCfg = Release|Any CPU
		{74362D0F-FB87-4CF0-B10F-83180B68A561}.Release|Mixed Platforms.ActiveCfg = Release|x86
		{74362D0F-FB87-4CF0-B10F-83180B68A561}.Release|Mixed Platforms.Build.0 = Release|x86
		{74362D0F-FB87-4CF0-B10F-83180B68A561}.Release|x86.ActiveCfg = Release|x86
		{74362D0F-FB87-4CF0-B10F-83180B68A561}.Release|x86.Build.0 = Release|x86
		{1B3F5D42-1B3C-4151-9CEB-3F6674166C9F}.Debug|Any CPU.ActiveCfg = Debug|Any CPU
		{1B3F5D42-1B3C-4151-9CEB-3F6674166C9F}.Debug|Any CPU.Build.0 = Debug|Any CPU
		{1B3F5D42-1B3C-4151-9CEB-3F6674166C9F}.Debug|Mixed Platforms.ActiveCfg = Debug|Any CPU
		{1B3F5D42-1B3C-4151-9CEB-3F6674166C9F}.Debug|x86.ActiveCfg = Debug|Any CPU
		{1B3F5D42-1B3C-4151-9CEB-3F6674166C9F}.Release|Any CPU.ActiveCfg = Release|Any CPU
		{1B3F5D42-1B3C-4151-9CEB-3F6674166C9F}.Release|Any CPU.Build.0 = Release|Any CPU
		{1B3F5D42-1B3C-4151-9CEB-3F6674166C9F}.Release|Mixed Platforms.ActiveCfg = Release|Any CPU
		{1B3F5D42-1B3C-4151-9CEB-3F6674166C9F}.Release|x86.ActiveCfg = Release|Any CPU
		{DA8592D7-C60B-4817-B8E5-1A60D303E5E0}.Debug|Any CPU.ActiveCfg = Debug|x86
		{DA8592D7-C60B-4817-B8E5-1A60D303E5E0}.Debug|Any CPU.Build.0 = Debug|x86
		{DA8592D7-C60B-4817-B8E5-1A60D303E5E0}.Debug|Mixed Platforms.ActiveCfg = Debug|x86
		{DA8592D7-C60B-4817-B8E5-1A60D303E5E0}.Debug|Mixed Platforms.Build.0 = Debug|x86
		{DA8592D7-C60B-4817-B8E5-1A60D303E5E0}.Debug|x86.ActiveCfg = Debug|x86
		{DA8592D7-C60B-4817-B8E5-1A60D303E5E0}.Debug|x86.Build.0 = Debug|x86
		{DA8592D7-C60B-4817-B8E5-1A60D303E5E0}.Release|Any CPU.ActiveCfg = Release|Any CPU
		{DA8592D7-C60B-4817-B8E5-1A60D303E5E0}.Release|Any CPU.Build.0 = Release|Any CPU
		{DA8592D7-C60B-4817-B8E5-1A60D303E5E0}.Release|Mixed Platforms.ActiveCfg = Release|x86
		{DA8592D7-C60B-4817-B8E5-1A60D303E5E0}.Release|Mixed Platforms.Build.0 = Release|x86
		{DA8592D7-C60B-4817-B8E5-1A60D303E5E0}.Release|x86.ActiveCfg = Release|x86
		{DA8592D7-C60B-4817-B8E5-1A60D303E5E0}.Release|x86.Build.0 = Release|x86
		{F373857B-75AA-40B5-A49B-922B20C615A5}.Debug|Any CPU.ActiveCfg = Debug|x86
		{F373857B-75AA-40B5-A49B-922B20C615A5}.Debug|Mixed Platforms.ActiveCfg = Debug|x86
		{F373857B-75AA-40B5-A49B-922B20C615A5}.Debug|Mixed Platforms.Build.0 = Debug|x86
		{F373857B-75AA-40B5-A49B-922B20C615A5}.Debug|x86.ActiveCfg = Debug|x86
		{F373857B-75AA-40B5-A49B-922B20C615A5}.Debug|x86.Build.0 = Debug|x86
		{F373857B-75AA-40B5-A49B-922B20C615A5}.Release|Any CPU.ActiveCfg = Release|x86
		{F373857B-75AA-40B5-A49B-922B20C615A5}.Release|Mixed Platforms.ActiveCfg = Release|x86
		{F373857B-75AA-40B5-A49B-922B20C615A5}.Release|Mixed Platforms.Build.0 = Release|x86
		{F373857B-75AA-40B5-A49B-922B20C615A5}.Release|x86.ActiveCfg = Release|x86
		{F373857B-75AA-40B5-A49B-922B20C615A5}.Release|x86.Build.0 = Release|x86
		{2210FE88-770C-4E71-BF33-5A4D4FC42CBD}.Debug|Any CPU.ActiveCfg = Debug|Any CPU
		{2210FE88-770C-4E71-BF33-5A4D4FC42CBD}.Debug|Any CPU.Build.0 = Debug|Any CPU
		{2210FE88-770C-4E71-BF33-5A4D4FC42CBD}.Debug|Mixed Platforms.ActiveCfg = Debug|Any CPU
		{2210FE88-770C-4E71-BF33-5A4D4FC42CBD}.Debug|Mixed Platforms.Build.0 = Debug|Any CPU
		{2210FE88-770C-4E71-BF33-5A4D4FC42CBD}.Debug|x86.ActiveCfg = Debug|Any CPU
		{2210FE88-770C-4E71-BF33-5A4D4FC42CBD}.Release|Any CPU.ActiveCfg = Release|Any CPU
		{2210FE88-770C-4E71-BF33-5A4D4FC42CBD}.Release|Any CPU.Build.0 = Release|Any CPU
		{2210FE88-770C-4E71-BF33-5A4D4FC42CBD}.Release|Mixed Platforms.ActiveCfg = Release|Any CPU
		{2210FE88-770C-4E71-BF33-5A4D4FC42CBD}.Release|Mixed Platforms.Build.0 = Release|Any CPU
		{2210FE88-770C-4E71-BF33-5A4D4FC42CBD}.Release|x86.ActiveCfg = Release|Any CPU
		{F07ED090-6B1A-4343-BC54-E41D3F9139C4}.Debug|Any CPU.ActiveCfg = Debug|x86
		{F07ED090-6B1A-4343-BC54-E41D3F9139C4}.Debug|Mixed Platforms.ActiveCfg = Debug|x86
		{F07ED090-6B1A-4343-BC54-E41D3F9139C4}.Debug|Mixed Platforms.Build.0 = Debug|x86
		{F07ED090-6B1A-4343-BC54-E41D3F9139C4}.Debug|x86.ActiveCfg = Debug|x86
		{F07ED090-6B1A-4343-BC54-E41D3F9139C4}.Debug|x86.Build.0 = Debug|x86
		{F07ED090-6B1A-4343-BC54-E41D3F9139C4}.Release|Any CPU.ActiveCfg = Release|x86
		{F07ED090-6B1A-4343-BC54-E41D3F9139C4}.Release|Mixed Platforms.ActiveCfg = Release|x86
		{F07ED090-6B1A-4343-BC54-E41D3F9139C4}.Release|Mixed Platforms.Build.0 = Release|x86
		{F07ED090-6B1A-4343-BC54-E41D3F9139C4}.Release|x86.ActiveCfg = Release|x86
		{F07ED090-6B1A-4343-BC54-E41D3F9139C4}.Release|x86.Build.0 = Release|x86
	EndGlobalSection
	GlobalSection(SolutionProperties) = preSolution
		HideSolutionNode = FALSE
	EndGlobalSection
	GlobalSection(NestedProjects) = preSolution
		{7FAE1D28-95B2-4442-A102-E14614C82D0F} = {6891B35C-3446-49E1-BF54-2A48A4A94B03}
		{74362D0F-FB87-4CF0-B10F-83180B68A561} = {6891B35C-3446-49E1-BF54-2A48A4A94B03}
		{1B3F5D42-1B3C-4151-9CEB-3F6674166C9F} = {6891B35C-3446-49E1-BF54-2A48A4A94B03}
		{DA8592D7-C60B-4817-B8E5-1A60D303E5E0} = {6891B35C-3446-49E1-BF54-2A48A4A94B03}
		{F373857B-75AA-40B5-A49B-922B20C615A5} = {6891B35C-3446-49E1-BF54-2A48A4A94B03}
		{4983D8DE-0560-43C0-93F0-7CF5F103CD48} = {6891B35C-3446-49E1-BF54-2A48A4A94B03}
		{F07ED090-6B1A-4343-BC54-E41D3F9139C4} = {6891B35C-3446-49E1-BF54-2A48A4A94B03}
	EndGlobalSection
EndGlobal
